
Microsoft Visual Studio Solution File, Format Version 11.00
# Visual Studio 2010
Project("{FAE04EC0-301F-11D3-BF4B-00C04F79EFBC}") = "EkonometriaProject", "EkonometriaProject\EkonometriaProject.csproj", "{E1AC00F0-D0EA-41A7-8206-A28E31F3A898}"
EndProject
Project("{2150E333-8FDC-42A3-9474-1A3956D46DE8}") = ".nuget", ".nuget", "{DF22FEA7-FDD4-4A25-95EC-38FAD2AB86B9}"
	ProjectSection(SolutionItems) = preProject
		.nuget\packages.config = .nuget\packages.config
	EndProjectSection
EndProject
Global
	GlobalSection(SolutionConfigurationPlatforms) = preSolution
		Debug|x86 = Debug|x86
		Release|x86 = Release|x86
	EndGlobalSection
	GlobalSection(ProjectConfigurationPlatforms) = postSolution
		{E1AC00F0-D0EA-41A7-8206-A28E31F3A898}.Debug|x86.ActiveCfg = Debug|x86
		{E1AC00F0-D0EA-41A7-8206-A28E31F3A898}.Debug|x86.Build.0 = Debug|x86
		{E1AC00F0-D0EA-41A7-8206-A28E31F3A898}.Release|x86.ActiveCfg = Release|x86
		{E1AC00F0-D0EA-41A7-8206-A28E31F3A898}.Release|x86.Build.0 = Release|x86
	EndGlobalSection
	GlobalSection(SolutionProperties) = preSolution
		HideSolutionNode = FALSE
	EndGlobalSection
EndGlobal
